
Microsoft Visual Studio Solution File, Format Version 12.00
# Visual Studio Version 17
VisualStudioVersion = 17.13.35913.81 d17.13
MinimumVisualStudioVersion = 10.0.40219.1
Project("{FAE04EC0-301F-11D3-BF4B-00C04F79EFBC}") = "FodraszAsztali", "FodraszAsztali.csproj", "{C2F0EB45-26F1-41CC-8FB9-41308E8A6AF1}"
EndProject
Global
	GlobalSection(SolutionConfigurationPlatforms) = preSolution
		Debug|Any CPU = Debug|Any CPU
		Release|Any CPU = Release|Any CPU
	EndGlobalSection
	GlobalSection(ProjectConfigurationPlatforms) = postSolution
		{C2F0EB45-26F1-41CC-8FB9-41308E8A6AF1}.Debug|Any CPU.ActiveCfg = Debug|Any CPU
		{C2F0EB45-26F1-41CC-8FB9-41308E8A6AF1}.Debug|Any CPU.Build.0 = Debug|Any CPU
		{C2F0EB45-26F1-41CC-8FB9-41308E8A6AF1}.Release|Any CPU.ActiveCfg = Release|Any CPU
		{C2F0EB45-26F1-41CC-8FB9-41308E8A6AF1}.Release|Any CPU.Build.0 = Release|Any CPU
	EndGlobalSection
	GlobalSection(SolutionProperties) = preSolution
		HideSolutionNode = FALSE
	EndGlobalSection
	GlobalSection(ExtensibilityGlobals) = postSolution
		SolutionGuid = {B5780DB9-F1DB-4778-852E-8EAD74675898}
	EndGlobalSection
EndGlobal
